// !$*UTF8*$!
{
	archiveVersion = 1;
	classes = {
	};
	objectVersion = 39;
	objects = {
		014CEA440018CDF011CA2923 = {
			buildSettings = {
				COPY_PHASE_STRIP = NO;
				GCC_DYNAMIC_NO_PIC = NO;
				GCC_ENABLE_FIX_AND_CONTINUE = YES;
				GCC_GENERATE_DEBUGGING_SYMBOLS = YES;
				GCC_OPTIMIZATION_LEVEL = 0;
			};
			isa = PBXBuildStyle;
			name = Development;
		};
		014CEA450018CDF011CA2923 = {
			buildSettings = {
				COPY_PHASE_STRIP = YES;
				GCC_ENABLE_FIX_AND_CONTINUE = NO;
				ZERO_LINK = NO;
			};
			isa = PBXBuildStyle;
			name = Deployment;
		};
//010
//011
//012
//013
//014
//030
//031
//032
//033
//034
		034768DFFF38A50411DB9C8B = {
			children = (
				8DC2EF5B0486A6940098B216,
			);
			isa = PBXGroup;
			name = Products;
			refType = 4;
			sourceTree = "<group>";
		};
//030
//031
//032
//033
//034
//070
//071
//072
//073
//074
		073A5E26082BC33200723477 = {
			fileEncoding = 4;
			isa = PBXFileReference;
			lastKnownFileType = sourcecode.c.h;
			name = "NSImage+AIBookmarksImport.h";
			path = "Source/NSImage+AIBookmarksImport.h";
			refType = 4;
			sourceTree = "<group>";
		};
		073A5E27082BC33200723477 = {
			fileEncoding = 4;
			isa = PBXFileReference;
			lastKnownFileType = sourcecode.c.objc;
			name = "NSImage+AIBookmarksImport.m";
			path = "Source/NSImage+AIBookmarksImport.m";
			refType = 4;
			sourceTree = "<group>";
		};
		073A5E28082BC33200723477 = {
			fileRef = 073A5E26082BC33200723477;
			isa = PBXBuildFile;
			settings = {
			};
		};
		073A5E29082BC33200723477 = {
			fileRef = 073A5E27082BC33200723477;
			isa = PBXBuildFile;
			settings = {
			};
		};
		07A44FE3082752A700B76F11 = {
			isa = PBXFileReference;
			lastKnownFileType = wrapper.framework;
			name = ApplicationServices.framework;
			path = /System/Library/Frameworks/ApplicationServices.framework;
			refType = 0;
			sourceTree = "<absolute>";
		};
		07A44FE4082752A700B76F11 = {
			fileRef = 07A44FE3082752A700B76F11;
			isa = PBXBuildFile;
			settings = {
			};
		};
		07F8ACDD08265350009CCBB5 = {
			fileEncoding = 4;
			isa = PBXFileReference;
			lastKnownFileType = sourcecode.c.h;
			name = AIBookmarksImporter.h;
			path = Source/AIBookmarksImporter.h;
			refType = 4;
			sourceTree = "<group>";
		};
		07F8ACDE08265350009CCBB5 = {
			fileEncoding = 4;
			isa = PBXFileReference;
			lastKnownFileType = sourcecode.c.objc;
			name = AIBookmarksImporter.m;
			path = Source/AIBookmarksImporter.m;
			refType = 4;
			sourceTree = "<group>";
		};
		07F8ACDF08265350009CCBB5 = {
			fileEncoding = 4;
			isa = PBXFileReference;
			lastKnownFileType = sourcecode.c.h;
			name = AIShiiraBookmarksImporter.h;
			path = Source/AIShiiraBookmarksImporter.h;
			refType = 4;
			sourceTree = "<group>";
		};
		07F8ACE008265350009CCBB5 = {
			fileEncoding = 4;
			isa = PBXFileReference;
			lastKnownFileType = sourcecode.c.objc;
			name = AIShiiraBookmarksImporter.m;
			path = Source/AIShiiraBookmarksImporter.m;
			refType = 4;
			sourceTree = "<group>";
		};
		07F8ACE108265350009CCBB5 = {
			isa = PBXFileReference;
			lastKnownFileType = image.tiff;
			name = BookmarksImporterIcon.tiff;
			path = Resources/BookmarksImporterIcon.tiff;
			refType = 4;
			sourceTree = "<group>";
		};
		07F8ACE208265350009CCBB5 = {
			fileEncoding = 4;
			isa = PBXFileReference;
			lastKnownFileType = sourcecode.c.h;
			name = SHABBookmarksImporter.h;
			path = Source/SHABBookmarksImporter.h;
			refType = 4;
			sourceTree = "<group>";
		};
		07F8ACE308265350009CCBB5 = {
			fileEncoding = 4;
			isa = PBXFileReference;
			lastKnownFileType = sourcecode.c.objc;
			name = SHABBookmarksImporter.m;
			path = Source/SHABBookmarksImporter.m;
			refType = 4;
			sourceTree = "<group>";
		};
		07F8ACE408265350009CCBB5 = {
			fileEncoding = 4;
			isa = PBXFileReference;
			lastKnownFileType = sourcecode.c.h;
			name = SHCaminoBookmarksImporter.h;
			path = Source/SHCaminoBookmarksImporter.h;
			refType = 4;
			sourceTree = "<group>";
		};
		07F8ACE508265350009CCBB5 = {
			fileEncoding = 4;
			isa = PBXFileReference;
			lastKnownFileType = sourcecode.c.objc;
			name = SHCaminoBookmarksImporter.m;
			path = Source/SHCaminoBookmarksImporter.m;
			refType = 4;
			sourceTree = "<group>";
		};
		07F8ACE608265350009CCBB5 = {
			fileEncoding = 4;
			isa = PBXFileReference;
			lastKnownFileType = sourcecode.c.h;
			name = SHFireFoxBookmarksImporter.h;
			path = Source/SHFireFoxBookmarksImporter.h;
			refType = 4;
			sourceTree = "<group>";
		};
		07F8ACE708265350009CCBB5 = {
			fileEncoding = 4;
			isa = PBXFileReference;
			lastKnownFileType = sourcecode.c.objc;
			name = SHFireFoxBookmarksImporter.m;
			path = Source/SHFireFoxBookmarksImporter.m;
			refType = 4;
			sourceTree = "<group>";
		};
		07F8ACE808265350009CCBB5 = {
			fileEncoding = 4;
			isa = PBXFileReference;
			lastKnownFileType = sourcecode.c.h;
			name = SHMozillaBookmarksImporter.h;
			path = Source/SHMozillaBookmarksImporter.h;
			refType = 4;
			sourceTree = "<group>";
		};
		07F8ACE908265350009CCBB5 = {
			fileEncoding = 4;
			isa = PBXFileReference;
			lastKnownFileType = sourcecode.c.objc;
			name = SHMozillaBookmarksImporter.m;
			path = Source/SHMozillaBookmarksImporter.m;
			refType = 4;
			sourceTree = "<group>";
		};
		07F8ACEA08265350009CCBB5 = {
			fileEncoding = 4;
			isa = PBXFileReference;
			lastKnownFileType = sourcecode.c.h;
			name = SHMozillaCommonParser.h;
			path = Source/SHMozillaCommonParser.h;
			refType = 4;
			sourceTree = "<group>";
		};
		07F8ACEB08265350009CCBB5 = {
			fileEncoding = 4;
			isa = PBXFileReference;
			lastKnownFileType = sourcecode.c.objc;
			name = SHMozillaCommonParser.m;
			path = Source/SHMozillaCommonParser.m;
			refType = 4;
			sourceTree = "<group>";
		};
		07F8ACEC08265350009CCBB5 = {
			fileEncoding = 4;
			isa = PBXFileReference;
			lastKnownFileType = sourcecode.c.h;
			name = SHMSIEBookmarksImporter.h;
			path = Source/SHMSIEBookmarksImporter.h;
			refType = 4;
			sourceTree = "<group>";
		};
		07F8ACED08265350009CCBB5 = {
			fileEncoding = 4;
			isa = PBXFileReference;
			lastKnownFileType = sourcecode.c.objc;
			name = SHMSIEBookmarksImporter.m;
			path = Source/SHMSIEBookmarksImporter.m;
			refType = 4;
			sourceTree = "<group>";
		};
		07F8ACEE08265350009CCBB5 = {
			fileEncoding = 4;
			isa = PBXFileReference;
			lastKnownFileType = sourcecode.c.h;
			name = SHOmniWebBookmarksImporter.h;
			path = Source/SHOmniWebBookmarksImporter.h;
			refType = 4;
			sourceTree = "<group>";
		};
		07F8ACEF08265350009CCBB5 = {
			fileEncoding = 4;
			isa = PBXFileReference;
			lastKnownFileType = sourcecode.c.objc;
			name = SHOmniWebBookmarksImporter.m;
			path = Source/SHOmniWebBookmarksImporter.m;
			refType = 4;
			sourceTree = "<group>";
		};
		07F8ACF008265350009CCBB5 = {
			fileEncoding = 4;
			isa = PBXFileReference;
			lastKnownFileType = sourcecode.c.h;
			name = SHSafariBookmarksImporter.h;
			path = Source/SHSafariBookmarksImporter.h;
			refType = 4;
			sourceTree = "<group>";
		};
		07F8ACF108265350009CCBB5 = {
			fileEncoding = 4;
			isa = PBXFileReference;
			lastKnownFileType = sourcecode.c.objc;
			name = SHSafariBookmarksImporter.m;
			path = Source/SHSafariBookmarksImporter.m;
			refType = 4;
			sourceTree = "<group>";
		};
		07F8ACF208265350009CCBB5 = {
			fileRef = 07F8ACDD08265350009CCBB5;
			isa = PBXBuildFile;
			settings = {
				ATTRIBUTES = (
					Public,
				);
			};
		};
		07F8ACF308265350009CCBB5 = {
			fileRef = 07F8ACDE08265350009CCBB5;
			isa = PBXBuildFile;
			settings = {
			};
		};
		07F8ACF508265350009CCBB5 = {
			fileRef = 07F8ACE008265350009CCBB5;
			isa = PBXBuildFile;
			settings = {
			};
		};
		07F8ACF608265350009CCBB5 = {
			fileRef = 07F8ACE108265350009CCBB5;
			isa = PBXBuildFile;
			settings = {
			};
		};
		07F8ACF808265350009CCBB5 = {
			fileRef = 07F8ACE308265350009CCBB5;
			isa = PBXBuildFile;
			settings = {
			};
		};
		07F8ACFA08265350009CCBB5 = {
			fileRef = 07F8ACE508265350009CCBB5;
			isa = PBXBuildFile;
			settings = {
			};
		};
		07F8ACFC08265350009CCBB5 = {
			fileRef = 07F8ACE708265350009CCBB5;
			isa = PBXBuildFile;
			settings = {
			};
		};
		07F8ACFE08265350009CCBB5 = {
			fileRef = 07F8ACE908265350009CCBB5;
			isa = PBXBuildFile;
			settings = {
			};
		};
		07F8ACFF08265350009CCBB5 = {
			fileRef = 07F8ACEA08265350009CCBB5;
			isa = PBXBuildFile;
			settings = {
				ATTRIBUTES = (
					Public,
				);
			};
		};
		07F8AD0008265350009CCBB5 = {
			fileRef = 07F8ACEB08265350009CCBB5;
			isa = PBXBuildFile;
			settings = {
			};
		};
		07F8AD0208265350009CCBB5 = {
			fileRef = 07F8ACED08265350009CCBB5;
			isa = PBXBuildFile;
			settings = {
			};
		};
		07F8AD0408265350009CCBB5 = {
			fileRef = 07F8ACEF08265350009CCBB5;
			isa = PBXBuildFile;
			settings = {
			};
		};
		07F8AD0608265350009CCBB5 = {
			fileRef = 07F8ACF108265350009CCBB5;
			isa = PBXBuildFile;
			settings = {
			};
		};
		07F8AD0808265409009CCBB5 = {
			children = (
				07F8ACDD08265350009CCBB5,
				07F8ACDE08265350009CCBB5,
				07F8ACE208265350009CCBB5,
				07F8ACE308265350009CCBB5,
				07F8AD0B08265475009CCBB5,
				07F8AD0C082654A4009CCBB5,
				07F8ACEC08265350009CCBB5,
				07F8ACED08265350009CCBB5,
			);
			isa = PBXGroup;
			name = Importers;
			refType = 4;
			sourceTree = "<group>";
		};
		07F8AD0B08265475009CCBB5 = {
			children = (
				07F8ACF008265350009CCBB5,
				07F8ACF108265350009CCBB5,
				07F8ACEE08265350009CCBB5,
				07F8ACEF08265350009CCBB5,
				07F8ACDF08265350009CCBB5,
				07F8ACE008265350009CCBB5,
			);
			isa = PBXGroup;
			name = "WebKit browsers";
			refType = 4;
			sourceTree = "<group>";
		};
		07F8AD0C082654A4009CCBB5 = {
			children = (
				07F8ACE808265350009CCBB5,
				07F8ACE908265350009CCBB5,
				07F8ACE608265350009CCBB5,
				07F8ACE708265350009CCBB5,
				07F8ACE408265350009CCBB5,
				07F8ACE508265350009CCBB5,
			);
			isa = PBXGroup;
			name = "Gecko browsers";
			refType = 4;
			sourceTree = "<group>";
		};
		07F8AD0D082654D7009CCBB5 = {
			fileEncoding = 4;
			isa = PBXFileReference;
			lastKnownFileType = sourcecode.c.h;
			name = AIBookmarksImporterController.h;
			path = Source/AIBookmarksImporterController.h;
			refType = 4;
			sourceTree = "<group>";
		};
		07F8AD0E082654D7009CCBB5 = {
			fileEncoding = 4;
			isa = PBXFileReference;
			lastKnownFileType = sourcecode.c.objc;
			name = AIBookmarksImporterController.m;
			path = Source/AIBookmarksImporterController.m;
			refType = 4;
			sourceTree = "<group>";
		};
		07F8AD0F082654D7009CCBB5 = {
			fileRef = 07F8AD0D082654D7009CCBB5;
			isa = PBXBuildFile;
			settings = {
				ATTRIBUTES = (
					Public,
				);
			};
		};
		07F8AD10082654D7009CCBB5 = {
			fileRef = 07F8AD0E082654D7009CCBB5;
			isa = PBXBuildFile;
			settings = {
			};
		};
		07F8AD790826675E009CCBB5 = {
			children = (
				07F8AD7A0826675E009CCBB5,
			);
			isa = PBXVariantGroup;
			name = BookmarksPanel.nib;
			path = "";
			refType = 4;
			sourceTree = "<group>";
		};
		07F8AD7A0826675E009CCBB5 = {
			isa = PBXFileReference;
			lastKnownFileType = wrapper.nib;
			name = English;
			path = Resources/English.lproj/BookmarksPanel.nib;
			refType = 4;
			sourceTree = "<group>";
		};
		07F8AD7B0826675E009CCBB5 = {
			fileRef = 07F8AD790826675E009CCBB5;
			isa = PBXBuildFile;
			settings = {
			};
		};
		07F8AEB008268FD1009CCBB5 = {
			isa = PBXFileReference;
			lastKnownFileType = wrapper.framework;
			name = AIUtilities.framework;
			path = "../AIUtilities Framework/build/AIUtilities.framework";
			refType = 2;
			sourceTree = SOURCE_ROOT;
		};
		07F8AEB108268FD1009CCBB5 = {
			fileRef = 07F8AEB008268FD1009CCBB5;
			isa = PBXBuildFile;
			settings = {
			};
		};
		07F8AF0208269192009CCBB5 = {
			isa = PBXFileReference;
			lastKnownFileType = wrapper.framework;
			name = AddressBook.framework;
			path = /System/Library/Frameworks/AddressBook.framework;
			refType = 0;
			sourceTree = "<absolute>";
		};
		07F8AF0308269192009CCBB5 = {
			fileRef = 07F8AF0208269192009CCBB5;
			isa = PBXBuildFile;
			settings = {
			};
		};
		07F8AF06082691DC009CCBB5 = {
			fileEncoding = 4;
			isa = PBXFileReference;
			lastKnownFileType = sourcecode.c.h;
			name = AIBookmarksImport.h;
			path = Source/AIBookmarksImport.h;
			refType = 4;
			sourceTree = "<group>";
		};
		07F8AF07082691DC009CCBB5 = {
			fileRef = 07F8AF06082691DC009CCBB5;
			isa = PBXBuildFile;
			settings = {
				ATTRIBUTES = (
					Public,
				);
			};
		};
		07F8AF1108269256009CCBB5 = {
			fileEncoding = 4;
			isa = PBXFileReference;
			lastKnownFileType = sourcecode.c.h;
			name = "NSApplication+AIBookmarksImport.h";
			path = "Source/NSApplication+AIBookmarksImport.h";
			refType = 4;
			sourceTree = "<group>";
		};
		07F8AF1208269256009CCBB5 = {
			fileEncoding = 4;
			isa = PBXFileReference;
			lastKnownFileType = sourcecode.c.objc;
			name = "NSApplication+AIBookmarksImport.m";
			path = "Source/NSApplication+AIBookmarksImport.m";
			refType = 4;
			sourceTree = "<group>";
		};
		07F8AF1308269256009CCBB5 = {
			fileRef = 07F8AF1108269256009CCBB5;
			isa = PBXBuildFile;
			settings = {
				ATTRIBUTES = (
					Public,
				);
			};
		};
		07F8AF1408269256009CCBB5 = {
			fileRef = 07F8AF1208269256009CCBB5;
			isa = PBXBuildFile;
			settings = {
			};
		};
		07F8AF2B08269342009CCBB5 = {
			children = (
				07F8AF1108269256009CCBB5,
				07F8AF1208269256009CCBB5,
				073A5E26082BC33200723477,
				073A5E27082BC33200723477,
			);
			isa = PBXGroup;
			name = Additions;
			refType = 4;
			sourceTree = "<group>";
		};
		07FC98040827D128006C56D6 = {
			children = (
				07FC98050827D128006C56D6,
			);
			isa = PBXVariantGroup;
			name = Localizable.strings;
			path = "";
			refType = 4;
			sourceTree = "<group>";
		};
		07FC98050827D128006C56D6 = {
			fileEncoding = 10;
			isa = PBXFileReference;
			lastKnownFileType = text.plist.strings;
			name = English;
			path = Resources/English.lproj/Localizable.strings;
			refType = 4;
			sourceTree = "<group>";
		};
		07FC98060827D128006C56D6 = {
			fileRef = 07FC98040827D128006C56D6;
			isa = PBXBuildFile;
			settings = {
			};
		};
//070
//071
//072
//073
//074
//080
//081
//082
//083
//084
		0867D690FE84028FC02AAC07 = {
			buildSettings = {
			};
			buildStyles = (
				014CEA440018CDF011CA2923,
				014CEA450018CDF011CA2923,
			);
			hasScannedForEncodings = 1;
			isa = PBXProject;
			mainGroup = 0867D691FE84028FC02AAC07;
			productRefGroup = 034768DFFF38A50411DB9C8B;
			projectDirPath = "";
			targets = (
				8DC2EF4F0486A6940098B216,
			);
		};
		0867D691FE84028FC02AAC07 = {
			children = (
				08FB77AEFE84172EC02AAC07,
				07F8AF2B08269342009CCBB5,
				32C88DFF0371C24200C91783,
				089C1665FE841158C02AAC07,
				0867D69AFE84028FC02AAC07,
				034768DFFF38A50411DB9C8B,
			);
			isa = PBXGroup;
			name = "AIBookmarksImport Framework";
			refType = 4;
			sourceTree = "<group>";
		};
		0867D69AFE84028FC02AAC07 = {
			children = (
				1058C7B0FEA5585E11CA2CBB,
				1058C7B2FEA5585E11CA2CBB,
			);
			isa = PBXGroup;
			name = "External Frameworks and Libraries";
			refType = 4;
			sourceTree = "<group>";
		};
		0867D69BFE84028FC02AAC07 = {
			isa = PBXFileReference;
			lastKnownFileType = wrapper.framework;
			name = Foundation.framework;
			path = /System/Library/Frameworks/Foundation.framework;
			refType = 0;
			sourceTree = "<absolute>";
		};
		0867D6A5FE840307C02AAC07 = {
			isa = PBXFileReference;
			lastKnownFileType = wrapper.framework;
			name = AppKit.framework;
			path = /System/Library/Frameworks/AppKit.framework;
			refType = 0;
			sourceTree = "<absolute>";
		};
		089C1665FE841158C02AAC07 = {
			children = (
				07F8ACE108265350009CCBB5,
				8DC2EF5A0486A6940098B216,
				089C1666FE841158C02AAC07,
				07FC98040827D128006C56D6,
				07F8AD790826675E009CCBB5,
			);
			isa = PBXGroup;
			name = Resources;
			refType = 4;
			sourceTree = "<group>";
		};
		089C1666FE841158C02AAC07 = {
			children = (
				089C1667FE841158C02AAC07,
			);
			isa = PBXVariantGroup;
			name = InfoPlist.strings;
			refType = 4;
			sourceTree = "<group>";
		};
		089C1667FE841158C02AAC07 = {
			fileEncoding = 10;
			isa = PBXFileReference;
			lastKnownFileType = text.plist.strings;
			name = English;
			path = English.lproj/InfoPlist.strings;
			refType = 4;
			sourceTree = "<group>";
		};
		08FB77AEFE84172EC02AAC07 = {
			children = (
				07F8AD0D082654D7009CCBB5,
				07F8AD0E082654D7009CCBB5,
				07F8ACEA08265350009CCBB5,
				07F8ACEB08265350009CCBB5,
				07F8AD0808265409009CCBB5,
			);
			isa = PBXGroup;
			name = Classes;
			refType = 4;
			sourceTree = "<group>";
		};
//080
//081
//082
//083
//084
//100
//101
//102
//103
//104
		1058C7B0FEA5585E11CA2CBB = {
			children = (
				07A44FE3082752A700B76F11,
				1058C7B1FEA5585E11CA2CBB,
				07F8AF0208269192009CCBB5,
				07F8AEB008268FD1009CCBB5,
			);
			isa = PBXGroup;
			name = "Linked Frameworks";
			refType = 4;
			sourceTree = "<group>";
		};
		1058C7B1FEA5585E11CA2CBB = {
			isa = PBXFileReference;
			lastKnownFileType = wrapper.framework;
			name = Cocoa.framework;
			path = /System/Library/Frameworks/Cocoa.framework;
			refType = 0;
			sourceTree = "<absolute>";
		};
		1058C7B2FEA5585E11CA2CBB = {
			children = (
				0867D6A5FE840307C02AAC07,
				D2F7E79907B2D74100F64583,
				0867D69BFE84028FC02AAC07,
			);
			isa = PBXGroup;
			name = "Other Frameworks";
			refType = 4;
			sourceTree = "<group>";
		};
//100
//101
//102
//103
//104
//320
//321
//322
//323
//324
		32C88DFF0371C24200C91783 = {
			children = (
				32DBCF5E0370ADEE00C91783,
				07F8AF06082691DC009CCBB5,
			);
			isa = PBXGroup;
			name = "Other Sources";
			refType = 4;
			sourceTree = "<group>";
		};
		32DBCF5E0370ADEE00C91783 = {
			fileEncoding = 4;
			isa = PBXFileReference;
			lastKnownFileType = sourcecode.c.h;
			path = AIBookmarksImport_Prefix.pch;
			refType = 4;
			sourceTree = "<group>";
		};
//320
//321
//322
//323
//324
//8D0
//8D1
//8D2
//8D3
//8D4
		8DC2EF4F0486A6940098B216 = {
			buildPhases = (
				8DC2EF500486A6940098B216,
				8DC2EF520486A6940098B216,
				8DC2EF540486A6940098B216,
				8DC2EF560486A6940098B216,
			);
			buildRules = (
			);
			buildSettings = {
				DYLIB_COMPATIBILITY_VERSION = 1;
				DYLIB_CURRENT_VERSION = 1;
				FRAMEWORK_SEARCH_PATHS = "\"../AIHyperlinks Framework/build\" \"../AIUtilities Framework/build\"";
				FRAMEWORK_VERSION = A;
				GCC_C_LANGUAGE_STANDARD = c99;
				GCC_ENABLE_OBJC_EXCEPTIONS = YES;
				GCC_GENERATE_DEBUGGING_SYMBOLS = NO;
				GCC_MODEL_TUNING = G4;
				GCC_PRECOMPILE_PREFIX_HEADER = YES;
				GCC_PREFIX_HEADER = AIBookmarksImport_Prefix.pch;
				GCC_WARN_ABOUT_MISSING_NEWLINE = YES;
				GCC_WARN_ABOUT_MISSING_PROTOTYPES = YES;
				GCC_WARN_ABOUT_RETURN_TYPE = YES;
				GCC_WARN_CHECK_SWITCH_STATEMENTS = YES;
				GCC_WARN_INITIALIZER_NOT_FULLY_BRACKETED = YES;
				GCC_WARN_MISSING_PARENTHESES = YES;
				GCC_WARN_SIGN_COMPARE = YES;
				GCC_WARN_TYPECHECK_CALLS_TO_PRINTF = YES;
				GCC_WARN_UNUSED_FUNCTION = YES;
				GCC_WARN_UNUSED_LABEL = YES;
				GCC_WARN_UNUSED_VALUE = YES;
				GCC_WARN_UNUSED_VARIABLE = YES;
				INFOPLIST_FILE = Info.plist;
				INSTALL_PATH = "@executable_path/../Frameworks";
				LIBRARY_STYLE = DYNAMIC;
				MACOSX_DEPLOYMENT_TARGET = 10.3;
				OTHER_LDFLAGS = "-seg1addr 0x13000000";
				PREBINDING = YES;
				PRODUCT_NAME = AIBookmarksImport;
				SKIP_INSTALL = YES;
				WRAPPER_EXTENSION = framework;
			};
			dependencies = (
			);
			isa = PBXNativeTarget;
			name = AIBookmarksImport;
			productInstallPath = "$(HOME)/Library/Frameworks";
			productName = "AIBookmarksImport Framework";
			productReference = 8DC2EF5B0486A6940098B216;
			productType = "com.apple.product-type.framework";
		};
		8DC2EF500486A6940098B216 = {
			buildActionMask = 2147483647;
			files = (
				07F8AF07082691DC009CCBB5,
				07F8AD0F082654D7009CCBB5,
				07F8AF1308269256009CCBB5,
				07F8ACFF08265350009CCBB5,
				07F8ACF208265350009CCBB5,
				073A5E28082BC33200723477,
			);
			isa = PBXHeadersBuildPhase;
			runOnlyForDeploymentPostprocessing = 0;
		};
		8DC2EF520486A6940098B216 = {
			buildActionMask = 2147483647;
			files = (
				8DC2EF530486A6940098B216,
				07F8AD7B0826675E009CCBB5,
				07F8ACF608265350009CCBB5,
				07FC98060827D128006C56D6,
			);
			isa = PBXResourcesBuildPhase;
			runOnlyForDeploymentPostprocessing = 0;
		};
		8DC2EF530486A6940098B216 = {
			fileRef = 089C1666FE841158C02AAC07;
			isa = PBXBuildFile;
			settings = {
			};
		};
		8DC2EF540486A6940098B216 = {
			buildActionMask = 2147483647;
			files = (
				07F8AD10082654D7009CCBB5,
				07F8AF1408269256009CCBB5,
				07F8ACF308265350009CCBB5,
				07F8ACF508265350009CCBB5,
				07F8ACF808265350009CCBB5,
				07F8ACFA08265350009CCBB5,
				07F8ACFC08265350009CCBB5,
				07F8ACFE08265350009CCBB5,
				07F8AD0008265350009CCBB5,
				07F8AD0208265350009CCBB5,
				07F8AD0408265350009CCBB5,
				07F8AD0608265350009CCBB5,
				073A5E29082BC33200723477,
			);
			isa = PBXSourcesBuildPhase;
			runOnlyForDeploymentPostprocessing = 0;
		};
		8DC2EF560486A6940098B216 = {
			buildActionMask = 2147483647;
			files = (
				8DC2EF570486A6940098B216,
				07F8AEB108268FD1009CCBB5,
				07F8AF0308269192009CCBB5,
				07A44FE4082752A700B76F11,
			);
			isa = PBXFrameworksBuildPhase;
			runOnlyForDeploymentPostprocessing = 0;
		};
		8DC2EF570486A6940098B216 = {
			fileRef = 1058C7B1FEA5585E11CA2CBB;
			isa = PBXBuildFile;
			settings = {
			};
		};
		8DC2EF5A0486A6940098B216 = {
			fileEncoding = 4;
			isa = PBXFileReference;
			lastKnownFileType = text.plist;
			path = Info.plist;
			refType = 4;
			sourceTree = "<group>";
		};
		8DC2EF5B0486A6940098B216 = {
			explicitFileType = wrapper.framework;
			includeInIndex = 0;
			isa = PBXFileReference;
			path = AIBookmarksImport.framework;
			refType = 3;
			sourceTree = BUILT_PRODUCTS_DIR;
		};
//8D0
//8D1
//8D2
//8D3
//8D4
//D20
//D21
//D22
//D23
//D24
		D2F7E79907B2D74100F64583 = {
			isa = PBXFileReference;
			lastKnownFileType = wrapper.framework;
			name = CoreData.framework;
			path = /System/Library/Frameworks/CoreData.framework;
			refType = 0;
			sourceTree = "<absolute>";
		};
	};
	rootObject = 0867D690FE84028FC02AAC07;
}
